
Microsoft Visual Studio Solution File, Format Version 12.00
# Visual Studio Version 17
VisualStudioVersion = 17.11.35312.102
MinimumVisualStudioVersion = 10.0.40219.1
Project("{FAE04EC0-301F-11D3-BF4B-00C04F79EFBC}") = "WpfApp1", "WpfApp1\WpfApp1.csproj", "{E4AE90AE-2864-405C-85EB-9F4AB9F0F719}"
EndProject
Global
	GlobalSection(SolutionConfigurationPlatforms) = preSolution
		Debug|Any CPU = Debug|Any CPU
		Release|Any CPU = Release|Any CPU
	EndGlobalSection
	GlobalSection(ProjectConfigurationPlatforms) = postSolution
		{E4AE90AE-2864-405C-85EB-9F4AB9F0F719}.Debug|Any CPU.ActiveCfg = Debug|Any CPU
		{E4AE90AE-2864-405C-85EB-9F4AB9F0F719}.Debug|Any CPU.Build.0 = Debug|Any CPU
		{E4AE90AE-2864-405C-85EB-9F4AB9F0F719}.Release|Any CPU.ActiveCfg = Release|Any CPU
		{E4AE90AE-2864-405C-85EB-9F4AB9F0F719}.Release|Any CPU.Build.0 = Release|Any CPU
	EndGlobalSection
	GlobalSection(SolutionProperties) = preSolution
		HideSolutionNode = FALSE
	EndGlobalSection
	GlobalSection(ExtensibilityGlobals) = postSolution
		SolutionGuid = {2D30207A-609A-4873-8A58-64184944ABAE}
	EndGlobalSection
EndGlobal
