
Microsoft Visual Studio Solution File, Format Version 12.00
# Visual Studio Version 17
VisualStudioVersion = 17.11.35312.102
MinimumVisualStudioVersion = 10.0.40219.1
Project("{FAE04EC0-301F-11D3-BF4B-00C04F79EFBC}") = "12pr", "12pr\12pr.csproj", "{1E775FC8-BE44-4626-A6C4-B5C8E50A58EB}"
EndProject
Global
	GlobalSection(SolutionConfigurationPlatforms) = preSolution
		Debug|Any CPU = Debug|Any CPU
		Release|Any CPU = Release|Any CPU
	EndGlobalSection
	GlobalSection(ProjectConfigurationPlatforms) = postSolution
		{1E775FC8-BE44-4626-A6C4-B5C8E50A58EB}.Debug|Any CPU.ActiveCfg = Debug|Any CPU
		{1E775FC8-BE44-4626-A6C4-B5C8E50A58EB}.Debug|Any CPU.Build.0 = Debug|Any CPU
		{1E775FC8-BE44-4626-A6C4-B5C8E50A58EB}.Release|Any CPU.ActiveCfg = Release|Any CPU
		{1E775FC8-BE44-4626-A6C4-B5C8E50A58EB}.Release|Any CPU.Build.0 = Release|Any CPU
	EndGlobalSection
	GlobalSection(SolutionProperties) = preSolution
		HideSolutionNode = FALSE
	EndGlobalSection
	GlobalSection(ExtensibilityGlobals) = postSolution
		SolutionGuid = {BD2959F9-271B-468E-BFDC-D8123F840522}
	EndGlobalSection
EndGlobal
